
Microsoft Visual Studio Solution File, Format Version 11.00
# Visual Studio 2010
Project("{8BC9CEB8-8B4A-11D0-8D11-00A0C91BC942}") = "OpenGL", "OpenGL\OpenGL.vcxproj", "{DB98D19C-0ED7-49E3-B1C9-763468C7C798}"
EndProject
Global
	GlobalSection(SolutionConfigurationPlatforms) = preSolution
		Debug|Win32 = Debug|Win32
		Release|Win32 = Release|Win32
	EndGlobalSection
	GlobalSection(ProjectConfigurationPlatforms) = postSolution
		{DB98D19C-0ED7-49E3-B1C9-763468C7C798}.Debug|Win32.ActiveCfg = Debug|Win32
		{DB98D19C-0ED7-49E3-B1C9-763468C7C798}.Debug|Win32.Build.0 = Debug|Win32
		{DB98D19C-0ED7-49E3-B1C9-763468C7C798}.Release|Win32.ActiveCfg = Release|Win32
		{DB98D19C-0ED7-49E3-B1C9-763468C7C798}.Release|Win32.Build.0 = Release|Win32
	EndGlobalSection
	GlobalSection(SolutionProperties) = preSolution
		HideSolutionNode = FALSE
	EndGlobalSection
EndGlobal
